{
  "name": "html5-audio",
  "version": "0.0.1",
  "lockfileVersion": 3,
  "requires": true,
  "packages": {
    "": {
      "name": "html5-audio",
      "version": "0.0.1",
      "license": "MIT",
      "dependencies": {
        "cute-ffmpeg": "^1.0.4"
      }
    },
    "node_modules/cute-ffmpeg": {
      "version": "1.0.4",
      "resolved": "https://registry.npmjs.org/cute-ffmpeg/-/cute-ffmpeg-1.0.4.tgz",
      "integrity": "sha512-34nEDEgrUVWuNfGUEFoYAipzyVPRJeHfipZt4btKRUTov6W2lvkh5xG+d8W2nG0hACPnoxw5D/fhWfMvrDZ6Yg=="
    }
  }
}
